component: tiny_htmlblock
source: https://github.com/srobotta/moodle-tiny_htmlblock
maintainers:
- github: udir-moodle
tier: 0
status: active
discovered: '2026-07-11'
releases: []
license: GPL-3.0
metrics:
  updated: '2026-04-28T10:47:52Z'
  stars: 1
  forks: 1
  open-issues: 1
  archived: false
  latest-release:
    tag: v1.6
    date: '2026-04-28T10:49:07Z'
  checked: '2026-08-05'
summary: This repository is a Composer/Packagist mirror of the Moodle plugin
