component: local_forumlock
source: https://github.com/lesavvytinker/moodle-local_forumlock
maintainers:
- github: lesavvytinker
tier: 0
status: active
discovered: '2026-10-03'
releases: []
license: GPL-3.0
summary: Moodle local plugin that lets teachers schedule when an individual forum
  discussion opens and locks, without affecting the rest of the forum. Requires Moodle
  4.5+.
metrics:
  updated: '2026-09-28T10:29:50Z'
  stars: 0
  forks: 0
  open-issues: 0
  archived: false
  checked: '2026-10-03'
