component: local_redislock
source: https://github.com/open-lms-open-source/moodle-local_redislock
maintainers:
- github: open-lms-open-source
tier: 0
status: active
discovered: '2026-07-11'
releases: []
license: GPL-3.0
metrics:
  updated: '2026-04-29T23:28:13Z'
  stars: 9
  forks: 18
  open-issues: 12
  archived: false
  checked: '2026-07-11'
summary: Provides a Moodle lock factory class for locking with Redis.
