component: local_bulkblock
source: https://github.com/open-lms-open-source/moodle-local_bulkblock
maintainers:
- github: open-lms-open-source
tier: 0
status: active
discovered: '2026-07-11'
releases: []
license: GPL-3.0
metrics:
  updated: '2021-04-29T01:44:10Z'
  stars: 1
  forks: 1
  open-issues: 0
  archived: false
  checked: '2026-07-11'
summary: When viewing a category, a link is added to the settings menu, Bulk block
  creator.
