component: local_forumlock
source: https://github.com/lesavvytinker/moodle-local_forumlock
maintainers:
- github: lesavvytinker
tier: 0
status: active
discovered: '2026-10-03'
releases: []
license: GPL-3.0
summary: Moodle local plugin that lets teachers schedule when an individual forum
  discussion opens and locks, without affecting the rest of the forum. Requires Moodle
  4.5+.
