component: block_newblock
source: https://github.com/danielneis/moodle-block_newblock
maintainers:
- github: danielneis
tier: 0
status: active
discovered: '2026-07-11'
releases: []
license: GPL-3.0
summary: A block template for Moodle based on http://docs.moodle.org/dev/Blocks
metrics:
  updated: '2017-10-22T22:33:19Z'
  stars: 44
  forks: 35
  open-issues: 0
  archived: false
  checked: '2026-07-11'
