component: block_myblock
source: https://github.com/Paul-Devine/moodle-block_myblock
maintainers:
- github: Paul-Devine
tier: 0
status: active
discovered: '2026-07-11'
releases: []
license: GPL-3.0
metrics:
  updated: '2016-10-06T03:09:11Z'
  stars: 0
  forks: 0
  open-issues: 0
  archived: false
  checked: '2026-07-11'
summary: This is the full name block plugin. It just displays the user's full name.
