component: block_testblock
source: https://github.com/kristian-94/moodle-block_testblock
maintainers:
- github: kristian-94
tier: 0
status: active
discovered: '2026-07-11'
releases: []
license: GPL-3.0
summary: A simple test block showing off some moodle functionality
metrics:
  updated: '2020-06-07T06:35:12Z'
  stars: 3
  forks: 3
  open-issues: 0
  archived: false
  checked: '2026-07-11'
