component: block_timetableblock
source: https://github.com/samehnsaman/moodle-block_timetableblock
maintainers:
- github: samehnsaman
tier: 0
status: active
discovered: '2026-07-11'
releases: []
license: GPL-3.0
metrics:
  updated: '2026-05-09T20:37:23Z'
  stars: 0
  forks: 0
  open-issues: 0
  archived: false
  checked: '2026-07-11'
summary: blocktimetableblock is a Moodle dashboard block that displays timetable data
  provided by the Timetable Digital local plugin.
