component: block_messagestreamblock
source: https://github.com/bytesparrow/moodle-block_messagestreamblock
maintainers:
- github: bytesparrow
tier: 0
status: active
discovered: '2026-07-11'
releases: []
license: GPL-3.0
summary: provides a new block. This block shows the messagestream
metrics:
  updated: '2025-12-08T14:39:03Z'
  stars: 0
  forks: 0
  open-issues: 0
  archived: false
  checked: '2026-07-11'
